
Microsoft Visual Studio Solution File, Format Version 12.00
# Visual Studio 15
VisualStudioVersion = 15.0.28307.1972
MinimumVisualStudioVersion = 10.0.40219.1
Project("{8BC9CEB8-8B4A-11D0-8D11-00A0C91BC942}") = "daily-completion", "daily-completion\daily-completion.vcxproj", "{DB949BC3-B842-4C5B-80E8-98386E0E3C6C}"
	ProjectSection(ProjectDependencies) = postProject
		{C2DD2D2F-CC64-4D93-9003-9621CE4777D4} = {C2DD2D2F-CC64-4D93-9003-9621CE4777D4}
	EndProjectSection
EndProject
Project("{8BC9CEB8-8B4A-11D0-8D11-00A0C91BC942}") = "CommonControls", "CommonControls\CommonControls.vcxproj", "{C5425F9F-D0A5-44DE-8992-025C35E3482B}"
EndProject
Project("{8BC9CEB8-8B4A-11D0-8D11-00A0C91BC942}") = "YFramework", "YFramework\YFramework.vcxproj", "{C2DD2D2F-CC64-4D93-9003-9621CE4777D4}"
EndProject
Global
	GlobalSection(SolutionConfigurationPlatforms) = preSolution
		Debug|x64 = Debug|x64
		Debug|x86 = Debug|x86
		publish|x64 = publish|x64
		publish|x86 = publish|x86
		Release|x64 = Release|x64
		Release|x86 = Release|x86
	EndGlobalSection
	GlobalSection(ProjectConfigurationPlatforms) = postSolution
		{DB949BC3-B842-4C5B-80E8-98386E0E3C6C}.Debug|x64.ActiveCfg = Debug|x64
		{DB949BC3-B842-4C5B-80E8-98386E0E3C6C}.Debug|x64.Build.0 = Debug|x64
		{DB949BC3-B842-4C5B-80E8-98386E0E3C6C}.Debug|x86.ActiveCfg = Debug|Win32
		{DB949BC3-B842-4C5B-80E8-98386E0E3C6C}.Debug|x86.Build.0 = Debug|Win32
		{DB949BC3-B842-4C5B-80E8-98386E0E3C6C}.publish|x64.ActiveCfg = Release|x64
		{DB949BC3-B842-4C5B-80E8-98386E0E3C6C}.publish|x64.Build.0 = Release|x64
		{DB949BC3-B842-4C5B-80E8-98386E0E3C6C}.publish|x86.ActiveCfg = Release|Win32
		{DB949BC3-B842-4C5B-80E8-98386E0E3C6C}.publish|x86.Build.0 = Release|Win32
		{DB949BC3-B842-4C5B-80E8-98386E0E3C6C}.Release|x64.ActiveCfg = Release|x64
		{DB949BC3-B842-4C5B-80E8-98386E0E3C6C}.Release|x64.Build.0 = Release|x64
		{DB949BC3-B842-4C5B-80E8-98386E0E3C6C}.Release|x86.ActiveCfg = Release|Win32
		{DB949BC3-B842-4C5B-80E8-98386E0E3C6C}.Release|x86.Build.0 = Release|Win32
		{C5425F9F-D0A5-44DE-8992-025C35E3482B}.Debug|x64.ActiveCfg = Debug|x64
		{C5425F9F-D0A5-44DE-8992-025C35E3482B}.Debug|x64.Build.0 = Debug|x64
		{C5425F9F-D0A5-44DE-8992-025C35E3482B}.Debug|x86.ActiveCfg = Debug|x64
		{C5425F9F-D0A5-44DE-8992-025C35E3482B}.publish|x64.ActiveCfg = publish|x64
		{C5425F9F-D0A5-44DE-8992-025C35E3482B}.publish|x64.Build.0 = publish|x64
		{C5425F9F-D0A5-44DE-8992-025C35E3482B}.publish|x86.ActiveCfg = publish|x64
		{C5425F9F-D0A5-44DE-8992-025C35E3482B}.Release|x64.ActiveCfg = Release|x64
		{C5425F9F-D0A5-44DE-8992-025C35E3482B}.Release|x64.Build.0 = Release|x64
		{C5425F9F-D0A5-44DE-8992-025C35E3482B}.Release|x86.ActiveCfg = Release|x64
		{C2DD2D2F-CC64-4D93-9003-9621CE4777D4}.Debug|x64.ActiveCfg = Debug|x64
		{C2DD2D2F-CC64-4D93-9003-9621CE4777D4}.Debug|x64.Build.0 = Debug|x64
		{C2DD2D2F-CC64-4D93-9003-9621CE4777D4}.Debug|x86.ActiveCfg = Debug|Win32
		{C2DD2D2F-CC64-4D93-9003-9621CE4777D4}.Debug|x86.Build.0 = Debug|Win32
		{C2DD2D2F-CC64-4D93-9003-9621CE4777D4}.publish|x64.ActiveCfg = Release|x64
		{C2DD2D2F-CC64-4D93-9003-9621CE4777D4}.publish|x64.Build.0 = Release|x64
		{C2DD2D2F-CC64-4D93-9003-9621CE4777D4}.publish|x86.ActiveCfg = Release|Win32
		{C2DD2D2F-CC64-4D93-9003-9621CE4777D4}.publish|x86.Build.0 = Release|Win32
		{C2DD2D2F-CC64-4D93-9003-9621CE4777D4}.Release|x64.ActiveCfg = Release|x64
		{C2DD2D2F-CC64-4D93-9003-9621CE4777D4}.Release|x64.Build.0 = Release|x64
		{C2DD2D2F-CC64-4D93-9003-9621CE4777D4}.Release|x86.ActiveCfg = Release|Win32
		{C2DD2D2F-CC64-4D93-9003-9621CE4777D4}.Release|x86.Build.0 = Release|Win32
	EndGlobalSection
	GlobalSection(SolutionProperties) = preSolution
		HideSolutionNode = FALSE
	EndGlobalSection
	GlobalSection(ExtensibilityGlobals) = postSolution
		SolutionGuid = {62A45327-B4B3-473A-A2A8-B1BDE78991DC}
	EndGlobalSection
EndGlobal
