<?xml version="1.0" encoding="utf-8"?>
<Project ToolsVersion="4.0" xmlns="http://schemas.microsoft.com/developer/msbuild/2003">
  <ItemGroup>
    <Filter Include="源文件">
      <UniqueIdentifier>{4FC737F1-C7A5-4376-A066-2A32D752A2FF}</UniqueIdentifier>
      <Extensions>cpp;c;cc;cxx;def;odl;idl;hpj;bat;asm;asmx</Extensions>
    </Filter>
    <Filter Include="头文件">
      <UniqueIdentifier>{93995380-89BD-4b04-88EB-625FBE52EBFB}</UniqueIdentifier>
      <Extensions>h;hh;hpp;hxx;hm;inl;inc;ipp;xsd</Extensions>
    </Filter>
    <Filter Include="资源文件">
      <UniqueIdentifier>{67DA6AB6-F800-4c08-8B7A-83BB121AAD01}</UniqueIdentifier>
      <Extensions>rc;ico;cur;bmp;dlg;rc2;rct;bin;rgs;gif;jpg;jpeg;jpe;resx;tiff;tif;png;wav;mfcribbon-ms</Extensions>
    </Filter>
  </ItemGroup>
  <ItemGroup>
    <ClCompile Include="stdafx.cpp">
      <Filter>源文件</Filter>
    </ClCompile>
    <ClCompile Include="Sdk\AllocMemoryPool.cpp">
      <Filter>源文件</Filter>
    </ClCompile>
    <ClCompile Include="Sdk\CriticalSection.cpp">
      <Filter>源文件</Filter>
    </ClCompile>
    <ClCompile Include="Sdk\DataPtrMapImpl.cpp">
      <Filter>源文件</Filter>
    </ClCompile>
    <ClCompile Include="Sdk\Exception.cpp">
      <Filter>源文件</Filter>
    </ClCompile>
    <ClCompile Include="Sdk\FileDataStream.cpp">
      <Filter>源文件</Filter>
    </ClCompile>
    <ClCompile Include="Sdk\IDataStream.cpp">
      <Filter>源文件</Filter>
    </ClCompile>
    <ClCompile Include="Sdk\MemoryDataStream.cpp">
      <Filter>源文件</Filter>
    </ClCompile>
    <ClCompile Include="Sdk\XmdxAccess.cpp">
      <Filter>源文件</Filter>
    </ClCompile>
    <ClCompile Include="Sdk\XmdxDocument.cpp">
      <Filter>源文件</Filter>
    </ClCompile>
    <ClCompile Include="Sdk\XmdxElement.cpp">
      <Filter>源文件</Filter>
    </ClCompile>
    <ClCompile Include="Sdk\XmlDocument.cpp">
      <Filter>源文件</Filter>
    </ClCompile>
    <ClCompile Include="Tool\Convert.cpp">
      <Filter>源文件</Filter>
    </ClCompile>
    <ClCompile Include="Tool\DynEnum.cpp">
      <Filter>源文件</Filter>
    </ClCompile>
    <ClCompile Include="Tool\Factory.cpp">
      <Filter>源文件</Filter>
    </ClCompile>
    <ClCompile Include="Tool\FileTool.cpp">
      <Filter>源文件</Filter>
    </ClCompile>
    <ClCompile Include="Tool\FormulaAnalysis.cpp">
      <Filter>源文件</Filter>
    </ClCompile>
    <ClCompile Include="Tool\LogOutput.cpp">
      <Filter>源文件</Filter>
    </ClCompile>
    <ClCompile Include="Tool\Md5Tool.cpp">
      <Filter>源文件</Filter>
    </ClCompile>
    <ClCompile Include="Tool\StringTool.cpp">
      <Filter>源文件</Filter>
    </ClCompile>
    <ClCompile Include="Type\Any.cpp">
      <Filter>源文件</Filter>
    </ClCompile>
    <ClCompile Include="Type\Guid.cpp">
      <Filter>源文件</Filter>
    </ClCompile>
    <ClCompile Include="Type\KNode.cpp">
      <Filter>源文件</Filter>
    </ClCompile>
    <ClCompile Include="DllMain.cpp">
      <Filter>源文件</Filter>
    </ClCompile>
    <ClCompile Include="PathConfig\PathConfig.cpp">
      <Filter>源文件</Filter>
    </ClCompile>
    <ClCompile Include="Tool\ResOverride.cpp">
      <Filter>源文件</Filter>
    </ClCompile>
  </ItemGroup>
  <ItemGroup>
    <None Include="KNodeDll.def">
      <Filter>源文件</Filter>
    </None>
    <None Include="res\KNodeDll.rc2">
      <Filter>资源文件</Filter>
    </None>
  </ItemGroup>
  <ItemGroup>
    <ClInclude Include="stdafx.h">
      <Filter>头文件</Filter>
    </ClInclude>
    <ClInclude Include="targetver.h">
      <Filter>头文件</Filter>
    </ClInclude>
    <ClInclude Include="Resource.h">
      <Filter>头文件</Filter>
    </ClInclude>
    <ClInclude Include="KNodeDll.h">
      <Filter>头文件</Filter>
    </ClInclude>
    <ClInclude Include="Sdk\AllocMemoryPool.h">
      <Filter>头文件</Filter>
    </ClInclude>
    <ClInclude Include="Sdk\AllocMemoryPoolDef.h">
      <Filter>头文件</Filter>
    </ClInclude>
    <ClInclude Include="Sdk\CriticalSection.h">
      <Filter>头文件</Filter>
    </ClInclude>
    <ClInclude Include="Sdk\DataPtrMapImpl.h">
      <Filter>头文件</Filter>
    </ClInclude>
    <ClInclude Include="Sdk\Exception.h">
      <Filter>头文件</Filter>
    </ClInclude>
    <ClInclude Include="Sdk\FileDataStream.h">
      <Filter>头文件</Filter>
    </ClInclude>
    <ClInclude Include="Sdk\IDataStream.h">
      <Filter>头文件</Filter>
    </ClInclude>
    <ClInclude Include="Sdk\MemoryDataStream.h">
      <Filter>头文件</Filter>
    </ClInclude>
    <ClInclude Include="Sdk\ObjectFastNew.h">
      <Filter>头文件</Filter>
    </ClInclude>
    <ClInclude Include="Sdk\XmdxAccess.h">
      <Filter>头文件</Filter>
    </ClInclude>
    <ClInclude Include="Sdk\XmdxDefines.h">
      <Filter>头文件</Filter>
    </ClInclude>
    <ClInclude Include="Sdk\XmdxDocument.h">
      <Filter>头文件</Filter>
    </ClInclude>
    <ClInclude Include="Sdk\XmdxElement.h">
      <Filter>头文件</Filter>
    </ClInclude>
    <ClInclude Include="Sdk\XmlDocument.h">
      <Filter>头文件</Filter>
    </ClInclude>
    <ClInclude Include="Tool\Convert.h">
      <Filter>头文件</Filter>
    </ClInclude>
    <ClInclude Include="Tool\DynEnum.h">
      <Filter>头文件</Filter>
    </ClInclude>
    <ClInclude Include="Tool\EnumTool.h">
      <Filter>头文件</Filter>
    </ClInclude>
    <ClInclude Include="Tool\Factory.h">
      <Filter>头文件</Filter>
    </ClInclude>
    <ClInclude Include="Tool\FileTool.h">
      <Filter>头文件</Filter>
    </ClInclude>
    <ClInclude Include="Tool\FormulaAnalysis.h">
      <Filter>头文件</Filter>
    </ClInclude>
    <ClInclude Include="Tool\LogOutput.h">
      <Filter>头文件</Filter>
    </ClInclude>
    <ClInclude Include="Tool\Md5Tool.h">
      <Filter>头文件</Filter>
    </ClInclude>
    <ClInclude Include="Tool\StringTool.h">
      <Filter>头文件</Filter>
    </ClInclude>
    <ClInclude Include="Type\Any.h">
      <Filter>头文件</Filter>
    </ClInclude>
    <ClInclude Include="Type\Assert.h">
      <Filter>头文件</Filter>
    </ClInclude>
    <ClInclude Include="Type\Guid.h">
      <Filter>头文件</Filter>
    </ClInclude>
    <ClInclude Include="Type\KNode.h">
      <Filter>头文件</Filter>
    </ClInclude>
    <ClInclude Include="Type\TypeDefine.h">
      <Filter>头文件</Filter>
    </ClInclude>
    <ClInclude Include="CommBaseDefine.h">
      <Filter>头文件</Filter>
    </ClInclude>
    <ClInclude Include="Tool\ResOverride.h">
      <Filter>头文件</Filter>
    </ClInclude>
    <ClInclude Include="PathConfig\PathConfig.h">
      <Filter>头文件</Filter>
    </ClInclude>
    <ClInclude Include="KNodeDllDef.h">
      <Filter>头文件</Filter>
    </ClInclude>
  </ItemGroup>
  <ItemGroup>
    <ResourceCompile Include="KNodeDll.rc">
      <Filter>资源文件</Filter>
    </ResourceCompile>
  </ItemGroup>
</Project>